// !$*UTF8*$!
{
	archiveVersion = 1;
	classes = {
	};
	objectVersion = 50;
	objects = {

/* Begin PBXBuildFile section */
		935E8D7A2661528E006C6448 /* AppDelegate.swift in Sources */ = {isa = PBXBuildFile; fileRef = 935E8D792661528E006C6448 /* AppDelegate.swift */; };
		935E8D7C2661528E006C6448 /* SceneDelegate.swift in Sources */ = {isa = PBXBuildFile; fileRef = 935E8D7B2661528E006C6448 /* SceneDelegate.swift */; };
		935E8D7E2661528E006C6448 /* HomeViewController.swift in Sources */ = {isa = PBXBuildFile; fileRef = 935E8D7D2661528E006C6448 /* HomeViewController.swift */; };
		935E8D812661528E006C6448 /* Main.storyboard in Resources */ = {isa = PBXBuildFile; fileRef = 935E8D7F2661528E006C6448 /* Main.storyboard */; };
		935E8D832661528F006C6448 /* Assets.xcassets in Resources */ = {isa = PBXBuildFile; fileRef = 935E8D822661528F006C6448 /* Assets.xcassets */; };
		935E8D862661528F006C6448 /* LaunchScreen.storyboard in Resources */ = {isa = PBXBuildFile; fileRef = 935E8D842661528F006C6448 /* LaunchScreen.storyboard */; };
		935E8D912661528F006C6448 /* SpaceXiOSTests.swift in Sources */ = {isa = PBXBuildFile; fileRef = 935E8D902661528F006C6448 /* SpaceXiOSTests.swift */; };
		935E8D9C2661528F006C6448 /* SpaceXiOSUITests.swift in Sources */ = {isa = PBXBuildFile; fileRef = 935E8D9B2661528F006C6448 /* SpaceXiOSUITests.swift */; };
		93C08DFE266289B900D29424 /* UIImageViewExtensions.swift in Sources */ = {isa = PBXBuildFile; fileRef = 93C08DFD266289B900D29424 /* UIImageViewExtensions.swift */; };
		93F870A526615C770061FDAC /* UIViewExtensions.swift in Sources */ = {isa = PBXBuildFile; fileRef = 93F870A426615C770061FDAC /* UIViewExtensions.swift */; };
		93F870AD26615FAB0061FDAC /* HomeViewModel.swift in Sources */ = {isa = PBXBuildFile; fileRef = 93F870AC26615FAB0061FDAC /* HomeViewModel.swift */; };
		93F870B3266163990061FDAC /* NetworkManager.swift in Sources */ = {isa = PBXBuildFile; fileRef = 93F870B2266163990061FDAC /* NetworkManager.swift */; };
		93F870BB2661CEF80061FDAC /* JSONDecoderHelper.swift in Sources */ = {isa = PBXBuildFile; fileRef = 93F870BA2661CEF80061FDAC /* JSONDecoderHelper.swift */; };
		93F870C02661CFDC0061FDAC /* APODDataModel.swift in Sources */ = {isa = PBXBuildFile; fileRef = 93F870BF2661CFDC0061FDAC /* APODDataModel.swift */; };
		93F870C52661D0100061FDAC /* ErrorParser.swift in Sources */ = {isa = PBXBuildFile; fileRef = 93F870C42661D0100061FDAC /* ErrorParser.swift */; };
		93F870CA2661D0450061FDAC /* APODAPIService.swift in Sources */ = {isa = PBXBuildFile; fileRef = 93F870C92661D0450061FDAC /* APODAPIService.swift */; };
		93F870D326625BDF0061FDAC /* APIData.swift in Sources */ = {isa = PBXBuildFile; fileRef = 93F870D226625BDF0061FDAC /* APIData.swift */; };
		93F870DB266265970061FDAC /* StringExtensions.swift in Sources */ = {isa = PBXBuildFile; fileRef = 93F870DA266265970061FDAC /* StringExtensions.swift */; };
/* End PBXBuildFile section */

/* Begin PBXContainerItemProxy section */
		935E8D8D2661528F006C6448 /* PBXContainerItemProxy */ = {
			isa = PBXContainerItemProxy;
			containerPortal = 935E8D6E2661528E006C6448 /* Project object */;
			proxyType = 1;
			remoteGlobalIDString = 935E8D752661528E006C6448;
			remoteInfo = SpaceXiOS;
		};
		935E8D982661528F006C6448 /* PBXContainerItemProxy */ = {
			isa = PBXContainerItemProxy;
			containerPortal = 935E8D6E2661528E006C6448 /* Project object */;
			proxyType = 1;
			remoteGlobalIDString = 935E8D752661528E006C6448;
			remoteInfo = SpaceXiOS;
		};
/* End PBXContainerItemProxy section */

/* Begin PBXFileReference section */
		935E8D762661528E006C6448 /* SpaceXiOS.app */ = {isa = PBXFileReference; explicitFileType = wrapper.application; includeInIndex = 0; path = SpaceXiOS.app; sourceTree = BUILT_PRODUCTS_DIR; };
		935E8D792661528E006C6448 /* AppDelegate.swift */ = {isa = PBXFileReference; lastKnownFileType = sourcecode.swift; path = AppDelegate.swift; sourceTree = "<group>"; };
		935E8D7B2661528E006C6448 /* SceneDelegate.swift */ = {isa = PBXFileReference; lastKnownFileType = sourcecode.swift; path = SceneDelegate.swift; sourceTree = "<group>"; };
		935E8D7D2661528E006C6448 /* HomeViewController.swift */ = {isa = PBXFileReference; lastKnownFileType = sourcecode.swift; path = HomeViewController.swift; sourceTree = "<group>"; };
		935E8D802661528E006C6448 /* Base */ = {isa = PBXFileReference; lastKnownFileType = file.storyboard; name = Base; path = Base.lproj/Main.storyboard; sourceTree = "<group>"; };
		935E8D822661528F006C6448 /* Assets.xcassets */ = {isa = PBXFileReference; lastKnownFileType = folder.assetcatalog; path = Assets.xcassets; sourceTree = "<group>"; };
		935E8D852661528F006C6448 /* Base */ = {isa = PBXFileReference; lastKnownFileType = file.storyboard; name = Base; path = Base.lproj/LaunchScreen.storyboard; sourceTree = "<group>"; };
		935E8D872661528F006C6448 /* Info.plist */ = {isa = PBXFileReference; lastKnownFileType = text.plist.xml; path = Info.plist; sourceTree = "<group>"; };
		935E8D8C2661528F006C6448 /* SpaceXiOSTests.xctest */ = {isa = PBXFileReference; explicitFileType = wrapper.cfbundle; includeInIndex = 0; path = SpaceXiOSTests.xctest; sourceTree = BUILT_PRODUCTS_DIR; };
		935E8D902661528F006C6448 /* SpaceXiOSTests.swift */ = {isa = PBXFileReference; lastKnownFileType = sourcecode.swift; path = SpaceXiOSTests.swift; sourceTree = "<group>"; };
		935E8D922661528F006C6448 /* Info.plist */ = {isa = PBXFileReference; lastKnownFileType = text.plist.xml; path = Info.plist; sourceTree = "<group>"; };
		935E8D972661528F006C6448 /* SpaceXiOSUITests.xctest */ = {isa = PBXFileReference; explicitFileType = wrapper.cfbundle; includeInIndex = 0; path = SpaceXiOSUITests.xctest; sourceTree = BUILT_PRODUCTS_DIR; };
		935E8D9B2661528F006C6448 /* SpaceXiOSUITests.swift */ = {isa = PBXFileReference; lastKnownFileType = sourcecode.swift; path = SpaceXiOSUITests.swift; sourceTree = "<group>"; };
		935E8D9D2661528F006C6448 /* Info.plist */ = {isa = PBXFileReference; lastKnownFileType = text.plist.xml; path = Info.plist; sourceTree = "<group>"; };
		93C08DFD266289B900D29424 /* UIImageViewExtensions.swift */ = {isa = PBXFileReference; lastKnownFileType = sourcecode.swift; path = UIImageViewExtensions.swift; sourceTree = "<group>"; };
		93F870A426615C770061FDAC /* UIViewExtensions.swift */ = {isa = PBXFileReference; lastKnownFileType = sourcecode.swift; path = UIViewExtensions.swift; sourceTree = "<group>"; };
		93F870AC26615FAB0061FDAC /* HomeViewModel.swift */ = {isa = PBXFileReference; lastKnownFileType = sourcecode.swift; path = HomeViewModel.swift; sourceTree = "<group>"; };
		93F870B2266163990061FDAC /* NetworkManager.swift */ = {isa = PBXFileReference; lastKnownFileType = sourcecode.swift; path = NetworkManager.swift; sourceTree = "<group>"; };
		93F870BA2661CEF80061FDAC /* JSONDecoderHelper.swift */ = {isa = PBXFileReference; lastKnownFileType = sourcecode.swift; path = JSONDecoderHelper.swift; sourceTree = "<group>"; };
		93F870BF2661CFDC0061FDAC /* APODDataModel.swift */ = {isa = PBXFileReference; lastKnownFileType = sourcecode.swift; path = APODDataModel.swift; sourceTree = "<group>"; };
		93F870C42661D0100061FDAC /* ErrorParser.swift */ = {isa = PBXFileReference; lastKnownFileType = sourcecode.swift; path = ErrorParser.swift; sourceTree = "<group>"; };
		93F870C92661D0450061FDAC /* APODAPIService.swift */ = {isa = PBXFileReference; lastKnownFileType = sourcecode.swift; path = APODAPIService.swift; sourceTree = "<group>"; };
		93F870D226625BDF0061FDAC /* APIData.swift */ = {isa = PBXFileReference; lastKnownFileType = sourcecode.swift; path = APIData.swift; sourceTree = "<group>"; };
		93F870DA266265970061FDAC /* StringExtensions.swift */ = {isa = PBXFileReference; lastKnownFileType = sourcecode.swift; path = StringExtensions.swift; sourceTree = "<group>"; };
/* End PBXFileReference section */

/* Begin PBXFrameworksBuildPhase section */
		935E8D732661528E006C6448 /* Frameworks */ = {
			isa = PBXFrameworksBuildPhase;
			buildActionMask = 2147483647;
			files = (
			);
			runOnlyForDeploymentPostprocessing = 0;
		};
		935E8D892661528F006C6448 /* Frameworks */ = {
			isa = PBXFrameworksBuildPhase;
			buildActionMask = 2147483647;
			files = (
			);
			runOnlyForDeploymentPostprocessing = 0;
		};
		935E8D942661528F006C6448 /* Frameworks */ = {
			isa = PBXFrameworksBuildPhase;
			buildActionMask = 2147483647;
			files = (
			);
			runOnlyForDeploymentPostprocessing = 0;
		};
/* End PBXFrameworksBuildPhase section */

/* Begin PBXGroup section */
		935E8D6D2661528E006C6448 = {
			isa = PBXGroup;
			children = (
				935E8D782661528E006C6448 /* SpaceXiOS */,
				935E8D8F2661528F006C6448 /* SpaceXiOSTests */,
				935E8D9A2661528F006C6448 /* SpaceXiOSUITests */,
				935E8D772661528E006C6448 /* Products */,
			);
			sourceTree = "<group>";
		};
		935E8D772661528E006C6448 /* Products */ = {
			isa = PBXGroup;
			children = (
				935E8D762661528E006C6448 /* SpaceXiOS.app */,
				935E8D8C2661528F006C6448 /* SpaceXiOSTests.xctest */,
				935E8D972661528F006C6448 /* SpaceXiOSUITests.xctest */,
			);
			name = Products;
			sourceTree = "<group>";
		};
		935E8D782661528E006C6448 /* SpaceXiOS */ = {
			isa = PBXGroup;
			children = (
				935E8DAF26615785006C6448 /* AppDelegate */,
				935E8DB1266157A9006C6448 /* Module */,
				93F870B1266163830061FDAC /* Webservice */,
				93F870A226615C600061FDAC /* Utils */,
				935E8DB026615790006C6448 /* Storyboard */,
				935E8D822661528F006C6448 /* Assets.xcassets */,
				935E8D872661528F006C6448 /* Info.plist */,
			);
			path = SpaceXiOS;
			sourceTree = "<group>";
		};
		935E8D8F2661528F006C6448 /* SpaceXiOSTests */ = {
			isa = PBXGroup;
			children = (
				935E8D902661528F006C6448 /* SpaceXiOSTests.swift */,
				935E8D922661528F006C6448 /* Info.plist */,
			);
			path = SpaceXiOSTests;
			sourceTree = "<group>";
		};
		935E8D9A2661528F006C6448 /* SpaceXiOSUITests */ = {
			isa = PBXGroup;
			children = (
				935E8D9B2661528F006C6448 /* SpaceXiOSUITests.swift */,
				935E8D9D2661528F006C6448 /* Info.plist */,
			);
			path = SpaceXiOSUITests;
			sourceTree = "<group>";
		};
		935E8DAF26615785006C6448 /* AppDelegate */ = {
			isa = PBXGroup;
			children = (
				935E8D792661528E006C6448 /* AppDelegate.swift */,
				935E8D7B2661528E006C6448 /* SceneDelegate.swift */,
			);
			path = AppDelegate;
			sourceTree = "<group>";
		};
		935E8DB026615790006C6448 /* Storyboard */ = {
			isa = PBXGroup;
			children = (
				935E8D7F2661528E006C6448 /* Main.storyboard */,
				935E8D842661528F006C6448 /* LaunchScreen.storyboard */,
			);
			path = Storyboard;
			sourceTree = "<group>";
		};
		935E8DB1266157A9006C6448 /* Module */ = {
			isa = PBXGroup;
			children = (
				935E8D7D2661528E006C6448 /* HomeViewController.swift */,
				93F870AC26615FAB0061FDAC /* HomeViewModel.swift */,
				93F870C92661D0450061FDAC /* APODAPIService.swift */,
				93F870BF2661CFDC0061FDAC /* APODDataModel.swift */,
			);
			path = Module;
			sourceTree = "<group>";
		};
		93F870A226615C600061FDAC /* Utils */ = {
			isa = PBXGroup;
			children = (
				93F870BA2661CEF80061FDAC /* JSONDecoderHelper.swift */,
				93F870A326615C680061FDAC /* Extensions */,
			);
			path = Utils;
			sourceTree = "<group>";
		};
		93F870A326615C680061FDAC /* Extensions */ = {
			isa = PBXGroup;
			children = (
				93F870A426615C770061FDAC /* UIViewExtensions.swift */,
				93F870DA266265970061FDAC /* StringExtensions.swift */,
				93C08DFD266289B900D29424 /* UIImageViewExtensions.swift */,
			);
			path = Extensions;
			sourceTree = "<group>";
		};
		93F870B1266163830061FDAC /* Webservice */ = {
			isa = PBXGroup;
			children = (
				93F870B2266163990061FDAC /* NetworkManager.swift */,
				93F870D226625BDF0061FDAC /* APIData.swift */,
				93F870C42661D0100061FDAC /* ErrorParser.swift */,
			);
			path = Webservice;
			sourceTree = "<group>";
		};
/* End PBXGroup section */

/* Begin PBXNativeTarget section */
		935E8D752661528E006C6448 /* SpaceXiOS */ = {
			isa = PBXNativeTarget;
			buildConfigurationList = 935E8DA02661528F006C6448 /* Build configuration list for PBXNativeTarget "SpaceXiOS" */;
			buildPhases = (
				935E8D722661528E006C6448 /* Sources */,
				935E8D732661528E006C6448 /* Frameworks */,
				935E8D742661528E006C6448 /* Resources */,
			);
			buildRules = (
			);
			dependencies = (
			);
			name = SpaceXiOS;
			productName = SpaceXiOS;
			productReference = 935E8D762661528E006C6448 /* SpaceXiOS.app */;
			productType = "com.apple.product-type.application";
		};
		935E8D8B2661528F006C6448 /* SpaceXiOSTests */ = {
			isa = PBXNativeTarget;
			buildConfigurationList = 935E8DA32661528F006C6448 /* Build configuration list for PBXNativeTarget "SpaceXiOSTests" */;
			buildPhases = (
				935E8D882661528F006C6448 /* Sources */,
				935E8D892661528F006C6448 /* Frameworks */,
				935E8D8A2661528F006C6448 /* Resources */,
			);
			buildRules = (
			);
			dependencies = (
				935E8D8E2661528F006C6448 /* PBXTargetDependency */,
			);
			name = SpaceXiOSTests;
			productName = SpaceXiOSTests;
			productReference = 935E8D8C2661528F006C6448 /* SpaceXiOSTests.xctest */;
			productType = "com.apple.product-type.bundle.unit-test";
		};
		935E8D962661528F006C6448 /* SpaceXiOSUITests */ = {
			isa = PBXNativeTarget;
			buildConfigurationList = 935E8DA62661528F006C6448 /* Build configuration list for PBXNativeTarget "SpaceXiOSUITests" */;
			buildPhases = (
				935E8D932661528F006C6448 /* Sources */,
				935E8D942661528F006C6448 /* Frameworks */,
				935E8D952661528F006C6448 /* Resources */,
			);
			buildRules = (
			);
			dependencies = (
				935E8D992661528F006C6448 /* PBXTargetDependency */,
			);
			name = SpaceXiOSUITests;
			productName = SpaceXiOSUITests;
			productReference = 935E8D972661528F006C6448 /* SpaceXiOSUITests.xctest */;
			productType = "com.apple.product-type.bundle.ui-testing";
		};
/* End PBXNativeTarget section */

/* Begin PBXProject section */
		935E8D6E2661528E006C6448 /* Project object */ = {
			isa = PBXProject;
			attributes = {
				LastSwiftUpdateCheck = 1240;
				LastUpgradeCheck = 1240;
				TargetAttributes = {
					935E8D752661528E006C6448 = {
						CreatedOnToolsVersion = 12.4;
					};
					935E8D8B2661528F006C6448 = {
						CreatedOnToolsVersion = 12.4;
						TestTargetID = 935E8D752661528E006C6448;
					};
					935E8D962661528F006C6448 = {
						CreatedOnToolsVersion = 12.4;
						TestTargetID = 935E8D752661528E006C6448;
					};
				};
			};
			buildConfigurationList = 935E8D712661528E006C6448 /* Build configuration list for PBXProject "SpaceXiOS" */;
			compatibilityVersion = "Xcode 9.3";
			developmentRegion = en;
			hasScannedForEncodings = 0;
			knownRegions = (
				en,
				Base,
			);
			mainGroup = 935E8D6D2661528E006C6448;
			productRefGroup = 935E8D772661528E006C6448 /* Products */;
			projectDirPath = "";
			projectRoot = "";
			targets = (
				935E8D752661528E006C6448 /* SpaceXiOS */,
				935E8D8B2661528F006C6448 /* SpaceXiOSTests */,
				935E8D962661528F006C6448 /* SpaceXiOSUITests */,
			);
		};
/* End PBXProject section */

/* Begin PBXResourcesBuildPhase section */
		935E8D742661528E006C6448 /* Resources */ = {
			isa = PBXResourcesBuildPhase;
			buildActionMask = 2147483647;
			files = (
				935E8D862661528F006C6448 /* LaunchScreen.storyboard in Resources */,
				935E8D832661528F006C6448 /* Assets.xcassets in Resources */,
				935E8D812661528E006C6448 /* Main.storyboard in Resources */,
			);
			runOnlyForDeploymentPostprocessing = 0;
		};
		935E8D8A2661528F006C6448 /* Resources */ = {
			isa = PBXResourcesBuildPhase;
			buildActionMask = 2147483647;
			files = (
			);
			runOnlyForDeploymentPostprocessing = 0;
		};
		935E8D952661528F006C6448 /* Resources */ = {
			isa = PBXResourcesBuildPhase;
			buildActionMask = 2147483647;
			files = (
			);
			runOnlyForDeploymentPostprocessing = 0;
		};
/* End PBXResourcesBuildPhase section */

/* Begin PBXSourcesBuildPhase section */
		935E8D722661528E006C6448 /* Sources */ = {
			isa = PBXSourcesBuildPhase;
			buildActionMask = 2147483647;
			files = (
				93F870DB266265970061FDAC /* StringExtensions.swift in Sources */,
				93F870B3266163990061FDAC /* NetworkManager.swift in Sources */,
				935E8D7E2661528E006C6448 /* HomeViewController.swift in Sources */,
				93F870CA2661D0450061FDAC /* APODAPIService.swift in Sources */,
				935E8D7A2661528E006C6448 /* AppDelegate.swift in Sources */,
				93F870A526615C770061FDAC /* UIViewExtensions.swift in Sources */,
				93C08DFE266289B900D29424 /* UIImageViewExtensions.swift in Sources */,
				93F870D326625BDF0061FDAC /* APIData.swift in Sources */,
				93F870C52661D0100061FDAC /* ErrorParser.swift in Sources */,
				93F870BB2661CEF80061FDAC /* JSONDecoderHelper.swift in Sources */,
				93F870C02661CFDC0061FDAC /* APODDataModel.swift in Sources */,
				93F870AD26615FAB0061FDAC /* HomeViewModel.swift in Sources */,
				935E8D7C2661528E006C6448 /* SceneDelegate.swift in Sources */,
			);
			runOnlyForDeploymentPostprocessing = 0;
		};
		935E8D882661528F006C6448 /* Sources */ = {
			isa = PBXSourcesBuildPhase;
			buildActionMask = 2147483647;
			files = (
				935E8D912661528F006C6448 /* SpaceXiOSTests.swift in Sources */,
			);
			runOnlyForDeploymentPostprocessing = 0;
		};
		935E8D932661528F006C6448 /* Sources */ = {
			isa = PBXSourcesBuildPhase;
			buildActionMask = 2147483647;
			files = (
				935E8D9C2661528F006C6448 /* SpaceXiOSUITests.swift in Sources */,
			);
			runOnlyForDeploymentPostprocessing = 0;
		};
/* End PBXSourcesBuildPhase section */

/* Begin PBXTargetDependency section */
		935E8D8E2661528F006C6448 /* PBXTargetDependency */ = {
			isa = PBXTargetDependency;
			target = 935E8D752661528E006C6448 /* SpaceXiOS */;
			targetProxy = 935E8D8D2661528F006C6448 /* PBXContainerItemProxy */;
		};
		935E8D992661528F006C6448 /* PBXTargetDependency */ = {
			isa = PBXTargetDependency;
			target = 935E8D752661528E006C6448 /* SpaceXiOS */;
			targetProxy = 935E8D982661528F006C6448 /* PBXContainerItemProxy */;
		};
/* End PBXTargetDependency section */

/* Begin PBXVariantGroup section */
		935E8D7F2661528E006C6448 /* Main.storyboard */ = {
			isa = PBXVariantGroup;
			children = (
				935E8D802661528E006C6448 /* Base */,
			);
			name = Main.storyboard;
			sourceTree = "<group>";
		};
		935E8D842661528F006C6448 /* LaunchScreen.storyboard */ = {
			isa = PBXVariantGroup;
			children = (
				935E8D852661528F006C6448 /* Base */,
			);
			name = LaunchScreen.storyboard;
			sourceTree = "<group>";
		};
/* End PBXVariantGroup section */

/* Begin XCBuildConfiguration section */
		935E8D9E2661528F006C6448 /* Debug */ = {
			isa = XCBuildConfiguration;
			buildSettings = {
				ALWAYS_SEARCH_USER_PATHS = NO;
				CLANG_ANALYZER_NONNULL = YES;
				CLANG_ANALYZER_NUMBER_OBJECT_CONVERSION = YES_AGGRESSIVE;
				CLANG_CXX_LANGUAGE_STANDARD = "gnu++14";
				CLANG_CXX_LIBRARY = "libc++";
				CLANG_ENABLE_MODULES = YES;
				CLANG_ENABLE_OBJC_ARC = YES;
				CLANG_ENABLE_OBJC_WEAK = YES;
				CLANG_WARN_BLOCK_CAPTURE_AUTORELEASING = YES;
				CLANG_WARN_BOOL_CONVERSION = YES;
				CLANG_WARN_COMMA = YES;
				CLANG_WARN_CONSTANT_CONVERSION = YES;
				CLANG_WARN_DEPRECATED_OBJC_IMPLEMENTATIONS = YES;
				CLANG_WARN_DIRECT_OBJC_ISA_USAGE = YES_ERROR;
				CLANG_WARN_DOCUMENTATION_COMMENTS = YES;
				CLANG_WARN_EMPTY_BODY = YES;
				CLANG_WARN_ENUM_CONVERSION = YES;
				CLANG_WARN_INFINITE_RECURSION = YES;
				CLANG_WARN_INT_CONVERSION = YES;
				CLANG_WARN_NON_LITERAL_NULL_CONVERSION = YES;
				CLANG_WARN_OBJC_IMPLICIT_RETAIN_SELF = YES;
				CLANG_WARN_OBJC_LITERAL_CONVERSION = YES;
				CLANG_WARN_OBJC_ROOT_CLASS = YES_ERROR;
				CLANG_WARN_QUOTED_INCLUDE_IN_FRAMEWORK_HEADER = YES;
				CLANG_WARN_RANGE_LOOP_ANALYSIS = YES;
				CLANG_WARN_STRICT_PROTOTYPES = YES;
				CLANG_WARN_SUSPICIOUS_MOVE = YES;
				CLANG_WARN_UNGUARDED_AVAILABILITY = YES_AGGRESSIVE;
				CLANG_WARN_UNREACHABLE_CODE = YES;
				CLANG_WARN__DUPLICATE_METHOD_MATCH = YES;
				COPY_PHASE_STRIP = NO;
				DEBUG_INFORMATION_FORMAT = dwarf;
				ENABLE_STRICT_OBJC_MSGSEND = YES;
				ENABLE_TESTABILITY = YES;
				GCC_C_LANGUAGE_STANDARD = gnu11;
				GCC_DYNAMIC_NO_PIC = NO;
				GCC_NO_COMMON_BLOCKS = YES;
				GCC_OPTIMIZATION_LEVEL = 0;
				GCC_PREPROCESSOR_DEFINITIONS = (
					"DEBUG=1",
					"$(inherited)",
				);
				GCC_WARN_64_TO_32_BIT_CONVERSION = YES;
				GCC_WARN_ABOUT_RETURN_TYPE = YES_ERROR;
				GCC_WARN_UNDECLARED_SELECTOR = YES;
				GCC_WARN_UNINITIALIZED_AUTOS = YES_AGGRESSIVE;
				GCC_WARN_UNUSED_FUNCTION = YES;
				GCC_WARN_UNUSED_VARIABLE = YES;
				IPHONEOS_DEPLOYMENT_TARGET = 14.4;
				MTL_ENABLE_DEBUG_INFO = INCLUDE_SOURCE;
				MTL_FAST_MATH = YES;
				ONLY_ACTIVE_ARCH = YES;
				SDKROOT = iphoneos;
				SWIFT_ACTIVE_COMPILATION_CONDITIONS = DEBUG;
				SWIFT_OPTIMIZATION_LEVEL = "-Onone";
			};
			name = Debug;
		};
		935E8D9F2661528F006C6448 /* Release */ = {
			isa = XCBuildConfiguration;
			buildSettings = {
				ALWAYS_SEARCH_USER_PATHS = NO;
				CLANG_ANALYZER_NONNULL = YES;
				CLANG_ANALYZER_NUMBER_OBJECT_CONVERSION = YES_AGGRESSIVE;
				CLANG_CXX_LANGUAGE_STANDARD = "gnu++14";
				CLANG_CXX_LIBRARY = "libc++";
				CLANG_ENABLE_MODULES = YES;
				CLANG_ENABLE_OBJC_ARC = YES;
				CLANG_ENABLE_OBJC_WEAK = YES;
				CLANG_WARN_BLOCK_CAPTURE_AUTORELEASING = YES;
				CLANG_WARN_BOOL_CONVERSION = YES;
				CLANG_WARN_COMMA = YES;
				CLANG_WARN_CONSTANT_CONVERSION = YES;
				CLANG_WARN_DEPRECATED_OBJC_IMPLEMENTATIONS = YES;
				CLANG_WARN_DIRECT_OBJC_ISA_USAGE = YES_ERROR;
				CLANG_WARN_DOCUMENTATION_COMMENTS = YES;
				CLANG_WARN_EMPTY_BODY = YES;
				CLANG_WARN_ENUM_CONVERSION = YES;
				CLANG_WARN_INFINITE_RECURSION = YES;
				CLANG_WARN_INT_CONVERSION = YES;
				CLANG_WARN_NON_LITERAL_NULL_CONVERSION = YES;
				CLANG_WARN_OBJC_IMPLICIT_RETAIN_SELF = YES;
				CLANG_WARN_OBJC_LITERAL_CONVERSION = YES;
				CLANG_WARN_OBJC_ROOT_CLASS = YES_ERROR;
				CLANG_WARN_QUOTED_INCLUDE_IN_FRAMEWORK_HEADER = YES;
				CLANG_WARN_RANGE_LOOP_ANALYSIS = YES;
				CLANG_WARN_STRICT_PROTOTYPES = YES;
				CLANG_WARN_SUSPICIOUS_MOVE = YES;
				CLANG_WARN_UNGUARDED_AVAILABILITY = YES_AGGRESSIVE;
				CLANG_WARN_UNREACHABLE_CODE = YES;
				CLANG_WARN__DUPLICATE_METHOD_MATCH = YES;
				COPY_PHASE_STRIP = NO;
				DEBUG_INFORMATION_FORMAT = "dwarf-with-dsym";
				ENABLE_NS_ASSERTIONS = NO;
				ENABLE_STRICT_OBJC_MSGSEND = YES;
				GCC_C_LANGUAGE_STANDARD = gnu11;
				GCC_NO_COMMON_BLOCKS = YES;
				GCC_WARN_64_TO_32_BIT_CONVERSION = YES;
				GCC_WARN_ABOUT_RETURN_TYPE = YES_ERROR;
				GCC_WARN_UNDECLARED_SELECTOR = YES;
				GCC_WARN_UNINITIALIZED_AUTOS = YES_AGGRESSIVE;
				GCC_WARN_UNUSED_FUNCTION = YES;
				GCC_WARN_UNUSED_VARIABLE = YES;
				IPHONEOS_DEPLOYMENT_TARGET = 14.4;
				MTL_ENABLE_DEBUG_INFO = NO;
				MTL_FAST_MATH = YES;
				SDKROOT = iphoneos;
				SWIFT_COMPILATION_MODE = wholemodule;
				SWIFT_OPTIMIZATION_LEVEL = "-O";
				VALIDATE_PRODUCT = YES;
			};
			name = Release;
		};
		935E8DA12661528F006C6448 /* Debug */ = {
			isa = XCBuildConfiguration;
			buildSettings = {
				ASSETCATALOG_COMPILER_APPICON_NAME = AppIcon;
				ASSETCATALOG_COMPILER_GLOBAL_ACCENT_COLOR_NAME = AccentColor;
				CODE_SIGN_STYLE = Automatic;
				INFOPLIST_FILE = SpaceXiOS/Info.plist;
				LD_RUNPATH_SEARCH_PATHS = (
					"$(inherited)",
					"@executable_path/Frameworks",
				);
				PRODUCT_BUNDLE_IDENTIFIER = com.abhisek.SpaceXiOS;
				PRODUCT_NAME = "$(TARGET_NAME)";
				SWIFT_VERSION = 5.0;
				TARGETED_DEVICE_FAMILY = "1,2";
			};
			name = Debug;
		};
		935E8DA22661528F006C6448 /* Release */ = {
			isa = XCBuildConfiguration;
			buildSettings = {
				ASSETCATALOG_COMPILER_APPICON_NAME = AppIcon;
				ASSETCATALOG_COMPILER_GLOBAL_ACCENT_COLOR_NAME = AccentColor;
				CODE_SIGN_STYLE = Automatic;
				INFOPLIST_FILE = SpaceXiOS/Info.plist;
				LD_RUNPATH_SEARCH_PATHS = (
					"$(inherited)",
					"@executable_path/Frameworks",
				);
				PRODUCT_BUNDLE_IDENTIFIER = com.abhisek.SpaceXiOS;
				PRODUCT_NAME = "$(TARGET_NAME)";
				SWIFT_VERSION = 5.0;
				TARGETED_DEVICE_FAMILY = "1,2";
			};
			name = Release;
		};
		935E8DA42661528F006C6448 /* Debug */ = {
			isa = XCBuildConfiguration;
			buildSettings = {
				ALWAYS_EMBED_SWIFT_STANDARD_LIBRARIES = YES;
				BUNDLE_LOADER = "$(TEST_HOST)";
				CODE_SIGN_STYLE = Automatic;
				INFOPLIST_FILE = SpaceXiOSTests/Info.plist;
				IPHONEOS_DEPLOYMENT_TARGET = 14.4;
				LD_RUNPATH_SEARCH_PATHS = (
					"$(inherited)",
					"@executable_path/Frameworks",
					"@loader_path/Frameworks",
				);
				PRODUCT_BUNDLE_IDENTIFIER = com.abhisek.SpaceXiOSTests;
				PRODUCT_NAME = "$(TARGET_NAME)";
				SWIFT_VERSION = 5.0;
				TARGETED_DEVICE_FAMILY = "1,2";
				TEST_HOST = "$(BUILT_PRODUCTS_DIR)/SpaceXiOS.app/SpaceXiOS";
			};
			name = Debug;
		};
		935E8DA52661528F006C6448 /* Release */ = {
			isa = XCBuildConfiguration;
			buildSettings = {
				ALWAYS_EMBED_SWIFT_STANDARD_LIBRARIES = YES;
				BUNDLE_LOADER = "$(TEST_HOST)";
				CODE_SIGN_STYLE = Automatic;
				INFOPLIST_FILE = SpaceXiOSTests/Info.plist;
				IPHONEOS_DEPLOYMENT_TARGET = 14.4;
				LD_RUNPATH_SEARCH_PATHS = (
					"$(inherited)",
					"@executable_path/Frameworks",
					"@loader_path/Frameworks",
				);
				PRODUCT_BUNDLE_IDENTIFIER = com.abhisek.SpaceXiOSTests;
				PRODUCT_NAME = "$(TARGET_NAME)";
				SWIFT_VERSION = 5.0;
				TARGETED_DEVICE_FAMILY = "1,2";
				TEST_HOST = "$(BUILT_PRODUCTS_DIR)/SpaceXiOS.app/SpaceXiOS";
			};
			name = Release;
		};
		935E8DA72661528F006C6448 /* Debug */ = {
			isa = XCBuildConfiguration;
			buildSettings = {
				ALWAYS_EMBED_SWIFT_STANDARD_LIBRARIES = YES;
				CODE_SIGN_STYLE = Automatic;
				INFOPLIST_FILE = SpaceXiOSUITests/Info.plist;
				LD_RUNPATH_SEARCH_PATHS = (
					"$(inherited)",
					"@executable_path/Frameworks",
					"@loader_path/Frameworks",
				);
				PRODUCT_BUNDLE_IDENTIFIER = com.abhisek.SpaceXiOSUITests;
				PRODUCT_NAME = "$(TARGET_NAME)";
				SWIFT_VERSION = 5.0;
				TARGETED_DEVICE_FAMILY = "1,2";
				TEST_TARGET_NAME = SpaceXiOS;
			};
			name = Debug;
		};
		935E8DA82661528F006C6448 /* Release */ = {
			isa = XCBuildConfiguration;
			buildSettings = {
				ALWAYS_EMBED_SWIFT_STANDARD_LIBRARIES = YES;
				CODE_SIGN_STYLE = Automatic;
				INFOPLIST_FILE = SpaceXiOSUITests/Info.plist;
				LD_RUNPATH_SEARCH_PATHS = (
					"$(inherited)",
					"@executable_path/Frameworks",
					"@loader_path/Frameworks",
				);
				PRODUCT_BUNDLE_IDENTIFIER = com.abhisek.SpaceXiOSUITests;
				PRODUCT_NAME = "$(TARGET_NAME)";
				SWIFT_VERSION = 5.0;
				TARGETED_DEVICE_FAMILY = "1,2";
				TEST_TARGET_NAME = SpaceXiOS;
			};
			name = Release;
		};
/* End XCBuildConfiguration section */

/* Begin XCConfigurationList section */
		935E8D712661528E006C6448 /* Build configuration list for PBXProject "SpaceXiOS" */ = {
			isa = XCConfigurationList;
			buildConfigurations = (
				935E8D9E2661528F006C6448 /* Debug */,
				935E8D9F2661528F006C6448 /* Release */,
			);
			defaultConfigurationIsVisible = 0;
			defaultConfigurationName = Release;
		};
		935E8DA02661528F006C6448 /* Build configuration list for PBXNativeTarget "SpaceXiOS" */ = {
			isa = XCConfigurationList;
			buildConfigurations = (
				935E8DA12661528F006C6448 /* Debug */,
				935E8DA22661528F006C6448 /* Release */,
			);
			defaultConfigurationIsVisible = 0;
			defaultConfigurationName = Release;
		};
		935E8DA32661528F006C6448 /* Build configuration list for PBXNativeTarget "SpaceXiOSTests" */ = {
			isa = XCConfigurationList;
			buildConfigurations = (
				935E8DA42661528F006C6448 /* Debug */,
				935E8DA52661528F006C6448 /* Release */,
			);
			defaultConfigurationIsVisible = 0;
			defaultConfigurationName = Release;
		};
		935E8DA62661528F006C6448 /* Build configuration list for PBXNativeTarget "SpaceXiOSUITests" */ = {
			isa = XCConfigurationList;
			buildConfigurations = (
				935E8DA72661528F006C6448 /* Debug */,
				935E8DA82661528F006C6448 /* Release */,
			);
			defaultConfigurationIsVisible = 0;
			defaultConfigurationName = Release;
		};
/* End XCConfigurationList section */
	};
	rootObject = 935E8D6E2661528E006C6448 /* Project object */;
}
